
Microsoft Visual Studio Solution File, Format Version 12.00
Project("{FAE04EC0-301F-11D3-BF4B-00C04F79EFBC}") = "TestProject", "TestProject\TestProject.csproj", "{69F677A8-9A0A-4669-AB4F-8C27CB409A05}"
EndProject
Global
	GlobalSection(SolutionConfigurationPlatforms) = preSolution
		Debug|Any CPU = Debug|Any CPU
		Release|Any CPU = Release|Any CPU
	EndGlobalSection
	GlobalSection(ProjectConfigurationPlatforms) = postSolution
		{69F677A8-9A0A-4669-AB4F-8C27CB409A05}.Debug|Any CPU.ActiveCfg = Debug|Any CPU
		{69F677A8-9A0A-4669-AB4F-8C27CB409A05}.Debug|Any CPU.Build.0 = Debug|Any CPU
		{69F677A8-9A0A-4669-AB4F-8C27CB409A05}.Release|Any CPU.ActiveCfg = Release|Any CPU
		{69F677A8-9A0A-4669-AB4F-8C27CB409A05}.Release|Any CPU.Build.0 = Release|Any CPU
	EndGlobalSection
EndGlobal
